
Microsoft Visual Studio Solution File, Format Version 12.00
# Visual Studio 15
VisualStudioVersion = 15.0.28307.421
MinimumVisualStudioVersion = 10.0.40219.1
Project("{FAE04EC0-301F-11D3-BF4B-00C04F79EFBC}") = "Solution", "Solution\Solution.csproj", "{3F49FEBA-272D-49FA-B290-D2C3855709B5}"
EndProject
Project("{FAE04EC0-301F-11D3-BF4B-00C04F79EFBC}") = "OCP", "OCP\OCP.csproj", "{6EBAA4D4-F057-4319-AA56-D551F57B6586}"
EndProject
Global
	GlobalSection(SolutionConfigurationPlatforms) = preSolution
		Debug|Any CPU = Debug|Any CPU
		Release|Any CPU = Release|Any CPU
	EndGlobalSection
	GlobalSection(ProjectConfigurationPlatforms) = postSolution
		{3F49FEBA-272D-49FA-B290-D2C3855709B5}.Debug|Any CPU.ActiveCfg = Debug|Any CPU
		{3F49FEBA-272D-49FA-B290-D2C3855709B5}.Debug|Any CPU.Build.0 = Debug|Any CPU
		{3F49FEBA-272D-49FA-B290-D2C3855709B5}.Release|Any CPU.ActiveCfg = Release|Any CPU
		{3F49FEBA-272D-49FA-B290-D2C3855709B5}.Release|Any CPU.Build.0 = Release|Any CPU
		{6EBAA4D4-F057-4319-AA56-D551F57B6586}.Debug|Any CPU.ActiveCfg = Debug|Any CPU
		{6EBAA4D4-F057-4319-AA56-D551F57B6586}.Debug|Any CPU.Build.0 = Debug|Any CPU
		{6EBAA4D4-F057-4319-AA56-D551F57B6586}.Release|Any CPU.ActiveCfg = Release|Any CPU
		{6EBAA4D4-F057-4319-AA56-D551F57B6586}.Release|Any CPU.Build.0 = Release|Any CPU
	EndGlobalSection
	GlobalSection(SolutionProperties) = preSolution
		HideSolutionNode = FALSE
	EndGlobalSection
	GlobalSection(ExtensibilityGlobals) = postSolution
		SolutionGuid = {17BDF184-C9DA-4FC2-9833-3E09E4623F27}
	EndGlobalSection
EndGlobal
