
Microsoft Visual Studio Solution File, Format Version 12.00
# Visual Studio 15
VisualStudioVersion = 15.0.28307.438
MinimumVisualStudioVersion = 10.0.40219.1
Project("{FAE04EC0-301F-11D3-BF4B-00C04F79EFBC}") = "Singleton", "Singleton\Singleton.csproj", "{BE1AF9A3-88D6-430E-A4C2-D8443C9AD458}"
EndProject
Project("{FAE04EC0-301F-11D3-BF4B-00C04F79EFBC}") = "Test", "Test\Test.csproj", "{5228FA31-94E9-45BF-B39E-D8324FBF32AA}"
EndProject
Global
	GlobalSection(SolutionConfigurationPlatforms) = preSolution
		Debug|Any CPU = Debug|Any CPU
		Release|Any CPU = Release|Any CPU
	EndGlobalSection
	GlobalSection(ProjectConfigurationPlatforms) = postSolution
		{BE1AF9A3-88D6-430E-A4C2-D8443C9AD458}.Debug|Any CPU.ActiveCfg = Debug|Any CPU
		{BE1AF9A3-88D6-430E-A4C2-D8443C9AD458}.Debug|Any CPU.Build.0 = Debug|Any CPU
		{BE1AF9A3-88D6-430E-A4C2-D8443C9AD458}.Release|Any CPU.ActiveCfg = Release|Any CPU
		{BE1AF9A3-88D6-430E-A4C2-D8443C9AD458}.Release|Any CPU.Build.0 = Release|Any CPU
		{5228FA31-94E9-45BF-B39E-D8324FBF32AA}.Debug|Any CPU.ActiveCfg = Debug|Any CPU
		{5228FA31-94E9-45BF-B39E-D8324FBF32AA}.Debug|Any CPU.Build.0 = Debug|Any CPU
		{5228FA31-94E9-45BF-B39E-D8324FBF32AA}.Release|Any CPU.ActiveCfg = Release|Any CPU
		{5228FA31-94E9-45BF-B39E-D8324FBF32AA}.Release|Any CPU.Build.0 = Release|Any CPU
	EndGlobalSection
	GlobalSection(SolutionProperties) = preSolution
		HideSolutionNode = FALSE
	EndGlobalSection
	GlobalSection(ExtensibilityGlobals) = postSolution
		SolutionGuid = {FFD2866E-58E1-4A23-A6C3-1E499D4D0447}
	EndGlobalSection
EndGlobal
