
Microsoft Visual Studio Solution File, Format Version 12.00
# Visual Studio 15
VisualStudioVersion = 15.0.28307.421
MinimumVisualStudioVersion = 10.0.40219.1
Project("{FAE04EC0-301F-11D3-BF4B-00C04F79EFBC}") = "Builder", "Builder\Builder.csproj", "{EE95CE81-9FB4-4CF8-9AFB-AF1C6496E8F8}"
EndProject
Project("{FAE04EC0-301F-11D3-BF4B-00C04F79EFBC}") = "TestBuilder", "TestBuilder\TestBuilder.csproj", "{C594F269-CC29-47D3-AF46-CA6DF910ACCA}"
EndProject
Global
	GlobalSection(SolutionConfigurationPlatforms) = preSolution
		Debug|Any CPU = Debug|Any CPU
		Release|Any CPU = Release|Any CPU
	EndGlobalSection
	GlobalSection(ProjectConfigurationPlatforms) = postSolution
		{EE95CE81-9FB4-4CF8-9AFB-AF1C6496E8F8}.Debug|Any CPU.ActiveCfg = Debug|Any CPU
		{EE95CE81-9FB4-4CF8-9AFB-AF1C6496E8F8}.Debug|Any CPU.Build.0 = Debug|Any CPU
		{EE95CE81-9FB4-4CF8-9AFB-AF1C6496E8F8}.Release|Any CPU.ActiveCfg = Release|Any CPU
		{EE95CE81-9FB4-4CF8-9AFB-AF1C6496E8F8}.Release|Any CPU.Build.0 = Release|Any CPU
		{C594F269-CC29-47D3-AF46-CA6DF910ACCA}.Debug|Any CPU.ActiveCfg = Debug|Any CPU
		{C594F269-CC29-47D3-AF46-CA6DF910ACCA}.Debug|Any CPU.Build.0 = Debug|Any CPU
		{C594F269-CC29-47D3-AF46-CA6DF910ACCA}.Release|Any CPU.ActiveCfg = Release|Any CPU
		{C594F269-CC29-47D3-AF46-CA6DF910ACCA}.Release|Any CPU.Build.0 = Release|Any CPU
	EndGlobalSection
	GlobalSection(SolutionProperties) = preSolution
		HideSolutionNode = FALSE
	EndGlobalSection
	GlobalSection(ExtensibilityGlobals) = postSolution
		SolutionGuid = {3A2DB6A6-0F09-400F-BBA0-FDB6308DB156}
	EndGlobalSection
EndGlobal
