
Microsoft Visual Studio Solution File, Format Version 12.00
# Visual Studio 15
VisualStudioVersion = 15.0.28307.438
MinimumVisualStudioVersion = 10.0.40219.1
Project("{FAE04EC0-301F-11D3-BF4B-00C04F79EFBC}") = "After", "After\After.csproj", "{88530FC0-DB4C-4DE5-9CD7-891DE77FECDB}"
EndProject
Global
	GlobalSection(SolutionConfigurationPlatforms) = preSolution
		Debug|Any CPU = Debug|Any CPU
		Release|Any CPU = Release|Any CPU
	EndGlobalSection
	GlobalSection(ProjectConfigurationPlatforms) = postSolution
		{88530FC0-DB4C-4DE5-9CD7-891DE77FECDB}.Debug|Any CPU.ActiveCfg = Debug|Any CPU
		{88530FC0-DB4C-4DE5-9CD7-891DE77FECDB}.Debug|Any CPU.Build.0 = Debug|Any CPU
		{88530FC0-DB4C-4DE5-9CD7-891DE77FECDB}.Release|Any CPU.ActiveCfg = Release|Any CPU
		{88530FC0-DB4C-4DE5-9CD7-891DE77FECDB}.Release|Any CPU.Build.0 = Release|Any CPU
	EndGlobalSection
	GlobalSection(SolutionProperties) = preSolution
		HideSolutionNode = FALSE
	EndGlobalSection
	GlobalSection(ExtensibilityGlobals) = postSolution
		SolutionGuid = {CCE48ED6-9C9F-43F9-B65F-96DC7D02415C}
	EndGlobalSection
EndGlobal
